// !$*UTF8*$!
{
	archiveVersion = 1;
	classes = {
	};
	objectVersion = 48;
	objects = {

/* Begin PBXBuildFile section */
		768705D8B130DDBBEEA8948D /* Pods_RMBaseKit.framework in Frameworks */ = {isa = PBXBuildFile; fileRef = 50BCD34869B05656A9C73E28 /* Pods_RMBaseKit.framework */; };
		9F045F011FFDD1AB00CC0F6C /* AppDelegate.swift in Sources */ = {isa = PBXBuildFile; fileRef = 9F045F001FFDD1AB00CC0F6C /* AppDelegate.swift */; };
		9F045F031FFDD1AB00CC0F6C /* ViewController.swift in Sources */ = {isa = PBXBuildFile; fileRef = 9F045F021FFDD1AB00CC0F6C /* ViewController.swift */; };
		9F045F061FFDD1AB00CC0F6C /* Main.storyboard in Resources */ = {isa = PBXBuildFile; fileRef = 9F045F041FFDD1AB00CC0F6C /* Main.storyboard */; };
		9F045F081FFDD1AB00CC0F6C /* Assets.xcassets in Resources */ = {isa = PBXBuildFile; fileRef = 9F045F071FFDD1AB00CC0F6C /* Assets.xcassets */; };
		9F045F0B1FFDD1AB00CC0F6C /* LaunchScreen.storyboard in Resources */ = {isa = PBXBuildFile; fileRef = 9F045F091FFDD1AB00CC0F6C /* LaunchScreen.storyboard */; };
		9F045F171FFDD35B00CC0F6C /* UIImage+Extension.swift in Sources */ = {isa = PBXBuildFile; fileRef = 9F045F131FFDD35B00CC0F6C /* UIImage+Extension.swift */; };
		9F045F181FFDD35B00CC0F6C /* NSObject+swizzle.swift in Sources */ = {isa = PBXBuildFile; fileRef = 9F045F141FFDD35B00CC0F6C /* NSObject+swizzle.swift */; };
		9F045F191FFDD35B00CC0F6C /* UIColor+Extension.swift in Sources */ = {isa = PBXBuildFile; fileRef = 9F045F151FFDD35B00CC0F6C /* UIColor+Extension.swift */; };
		9F045F1A1FFDD35B00CC0F6C /* DispatchQueue+Extension.swift in Sources */ = {isa = PBXBuildFile; fileRef = 9F045F161FFDD35B00CC0F6C /* DispatchQueue+Extension.swift */; };
		9F045F281FFDD7CC00CC0F6C /* UIView_layout.swift in Sources */ = {isa = PBXBuildFile; fileRef = 9F045F261FFDD7CC00CC0F6C /* UIView_layout.swift */; };
		9F045F291FFDD7CC00CC0F6C /* CALayer_layout.swift in Sources */ = {isa = PBXBuildFile; fileRef = 9F045F271FFDD7CC00CC0F6C /* CALayer_layout.swift */; };
		9F045F2B1FFDF6C300CC0F6C /* String+Extension.swift in Sources */ = {isa = PBXBuildFile; fileRef = 9F045F2A1FFDF6C300CC0F6C /* String+Extension.swift */; };
		9F045F2D1FFDF76300CC0F6C /* UITextfield+Extension.swift in Sources */ = {isa = PBXBuildFile; fileRef = 9F045F2C1FFDF76300CC0F6C /* UITextfield+Extension.swift */; };
		9F045F2F1FFDF79300CC0F6C /* UIViewController+HUD.swift in Sources */ = {isa = PBXBuildFile; fileRef = 9F045F2E1FFDF79300CC0F6C /* UIViewController+HUD.swift */; };
		9F045F311FFDF99F00CC0F6C /* Base.swift in Sources */ = {isa = PBXBuildFile; fileRef = 9F045F301FFDF99F00CC0F6C /* Base.swift */; };
		9F045F331FFDFC3600CC0F6C /* UIDevice+Extension.swift in Sources */ = {isa = PBXBuildFile; fileRef = 9F045F321FFDFC3600CC0F6C /* UIDevice+Extension.swift */; };
		9F045F351FFE0A7100CC0F6C /* UIViewController+alert.swift in Sources */ = {isa = PBXBuildFile; fileRef = 9F045F341FFE0A7100CC0F6C /* UIViewController+alert.swift */; };
		9F2DCFF3200789E70092760B /* UIView+Extension.swift in Sources */ = {isa = PBXBuildFile; fileRef = 9F2DCFF2200789E70092760B /* UIView+Extension.swift */; };
		9F2DD01C200B974F0092760B /* NSObject+Extension.swift in Sources */ = {isa = PBXBuildFile; fileRef = 9F2DD01B200B974F0092760B /* NSObject+Extension.swift */; };
		9F32C8D0208E0B6600839438 /* NSString+Extension.swift in Sources */ = {isa = PBXBuildFile; fileRef = 9F32C8CF208E0B6600839438 /* NSString+Extension.swift */; };
		9F37436D206B7BE000A37698 /* UIApplication+Extension.swift in Sources */ = {isa = PBXBuildFile; fileRef = 9F37436C206B7BE000A37698 /* UIApplication+Extension.swift */; };
		9FA152232021C09E005F4FA3 /* UIView+LifeCycle.swift in Sources */ = {isa = PBXBuildFile; fileRef = 9FA152222021C09E005F4FA3 /* UIView+LifeCycle.swift */; };
		9FB0B38720107BB60022F4B3 /* UIButton+Extension.swift in Sources */ = {isa = PBXBuildFile; fileRef = 9FB0B38620107BB60022F4B3 /* UIButton+Extension.swift */; };
		9FB0B4712015D7450022F4B3 /* RMBaseKit.podspec in Resources */ = {isa = PBXBuildFile; fileRef = 9FB0B4702015D7450022F4B3 /* RMBaseKit.podspec */; };
		9FB0B4732015D9C70022F4B3 /* Date+Extension.swift in Sources */ = {isa = PBXBuildFile; fileRef = 9FB0B4722015D9C70022F4B3 /* Date+Extension.swift */; };
		9FB0B49220181DF90022F4B3 /* OverlayController.swift in Sources */ = {isa = PBXBuildFile; fileRef = 9FB0B49120181DF90022F4B3 /* OverlayController.swift */; };
		9FB0B4942018219A0022F4B3 /* UIViewController+CustomPop.swift in Sources */ = {isa = PBXBuildFile; fileRef = 9FB0B4932018219A0022F4B3 /* UIViewController+CustomPop.swift */; };
		9FB138572087242A002F55A4 /* UIBarButtonItemFixSpace.swift in Sources */ = {isa = PBXBuildFile; fileRef = 9FB138562087242A002F55A4 /* UIBarButtonItemFixSpace.swift */; };
		9FB1385920872434002F55A4 /* UIBarButtonItemExtension.swift in Sources */ = {isa = PBXBuildFile; fileRef = 9FB1385820872434002F55A4 /* UIBarButtonItemExtension.swift */; };
/* End PBXBuildFile section */

/* Begin PBXFileReference section */
		50BCD34869B05656A9C73E28 /* Pods_RMBaseKit.framework */ = {isa = PBXFileReference; explicitFileType = wrapper.framework; includeInIndex = 0; path = Pods_RMBaseKit.framework; sourceTree = BUILT_PRODUCTS_DIR; };
		9F045EFD1FFDD1AB00CC0F6C /* RMBaseKit.app */ = {isa = PBXFileReference; explicitFileType = wrapper.application; includeInIndex = 0; path = RMBaseKit.app; sourceTree = BUILT_PRODUCTS_DIR; };
		9F045F001FFDD1AB00CC0F6C /* AppDelegate.swift */ = {isa = PBXFileReference; lastKnownFileType = sourcecode.swift; path = AppDelegate.swift; sourceTree = "<group>"; };
		9F045F021FFDD1AB00CC0F6C /* ViewController.swift */ = {isa = PBXFileReference; lastKnownFileType = sourcecode.swift; path = ViewController.swift; sourceTree = "<group>"; };
		9F045F051FFDD1AB00CC0F6C /* Base */ = {isa = PBXFileReference; lastKnownFileType = file.storyboard; name = Base; path = Base.lproj/Main.storyboard; sourceTree = "<group>"; };
		9F045F071FFDD1AB00CC0F6C /* Assets.xcassets */ = {isa = PBXFileReference; lastKnownFileType = folder.assetcatalog; path = Assets.xcassets; sourceTree = "<group>"; };
		9F045F0A1FFDD1AB00CC0F6C /* Base */ = {isa = PBXFileReference; lastKnownFileType = file.storyboard; name = Base; path = Base.lproj/LaunchScreen.storyboard; sourceTree = "<group>"; };
		9F045F0C1FFDD1AB00CC0F6C /* Info.plist */ = {isa = PBXFileReference; lastKnownFileType = text.plist.xml; path = Info.plist; sourceTree = "<group>"; };
		9F045F131FFDD35B00CC0F6C /* UIImage+Extension.swift */ = {isa = PBXFileReference; fileEncoding = 4; lastKnownFileType = sourcecode.swift; path = "UIImage+Extension.swift"; sourceTree = "<group>"; };
		9F045F141FFDD35B00CC0F6C /* NSObject+swizzle.swift */ = {isa = PBXFileReference; fileEncoding = 4; lastKnownFileType = sourcecode.swift; path = "NSObject+swizzle.swift"; sourceTree = "<group>"; };
		9F045F151FFDD35B00CC0F6C /* UIColor+Extension.swift */ = {isa = PBXFileReference; fileEncoding = 4; lastKnownFileType = sourcecode.swift; path = "UIColor+Extension.swift"; sourceTree = "<group>"; };
		9F045F161FFDD35B00CC0F6C /* DispatchQueue+Extension.swift */ = {isa = PBXFileReference; fileEncoding = 4; lastKnownFileType = sourcecode.swift; path = "DispatchQueue+Extension.swift"; sourceTree = "<group>"; };
		9F045F261FFDD7CC00CC0F6C /* UIView_layout.swift */ = {isa = PBXFileReference; fileEncoding = 4; lastKnownFileType = sourcecode.swift; path = UIView_layout.swift; sourceTree = "<group>"; };
		9F045F271FFDD7CC00CC0F6C /* CALayer_layout.swift */ = {isa = PBXFileReference; fileEncoding = 4; lastKnownFileType = sourcecode.swift; path = CALayer_layout.swift; sourceTree = "<group>"; };
		9F045F2A1FFDF6C300CC0F6C /* String+Extension.swift */ = {isa = PBXFileReference; fileEncoding = 4; lastKnownFileType = sourcecode.swift; path = "String+Extension.swift"; sourceTree = "<group>"; };
		9F045F2C1FFDF76300CC0F6C /* UITextfield+Extension.swift */ = {isa = PBXFileReference; fileEncoding = 4; lastKnownFileType = sourcecode.swift; path = "UITextfield+Extension.swift"; sourceTree = "<group>"; };
		9F045F2E1FFDF79300CC0F6C /* UIViewController+HUD.swift */ = {isa = PBXFileReference; fileEncoding = 4; lastKnownFileType = sourcecode.swift; path = "UIViewController+HUD.swift"; sourceTree = "<group>"; };
		9F045F301FFDF99F00CC0F6C /* Base.swift */ = {isa = PBXFileReference; lastKnownFileType = sourcecode.swift; path = Base.swift; sourceTree = "<group>"; };
		9F045F321FFDFC3600CC0F6C /* UIDevice+Extension.swift */ = {isa = PBXFileReference; lastKnownFileType = sourcecode.swift; path = "UIDevice+Extension.swift"; sourceTree = "<group>"; };
		9F045F341FFE0A7100CC0F6C /* UIViewController+alert.swift */ = {isa = PBXFileReference; lastKnownFileType = sourcecode.swift; path = "UIViewController+alert.swift"; sourceTree = "<group>"; };
		9F2DCFF2200789E70092760B /* UIView+Extension.swift */ = {isa = PBXFileReference; fileEncoding = 4; lastKnownFileType = sourcecode.swift; path = "UIView+Extension.swift"; sourceTree = "<group>"; };
		9F2DD01B200B974F0092760B /* NSObject+Extension.swift */ = {isa = PBXFileReference; lastKnownFileType = sourcecode.swift; path = "NSObject+Extension.swift"; sourceTree = "<group>"; };
		9F32C8CF208E0B6600839438 /* NSString+Extension.swift */ = {isa = PBXFileReference; lastKnownFileType = sourcecode.swift; path = "NSString+Extension.swift"; sourceTree = "<group>"; };
		9F37436C206B7BE000A37698 /* UIApplication+Extension.swift */ = {isa = PBXFileReference; lastKnownFileType = sourcecode.swift; path = "UIApplication+Extension.swift"; sourceTree = "<group>"; };
		9FA152222021C09E005F4FA3 /* UIView+LifeCycle.swift */ = {isa = PBXFileReference; fileEncoding = 4; lastKnownFileType = sourcecode.swift; path = "UIView+LifeCycle.swift"; sourceTree = "<group>"; };
		9FB0B38620107BB60022F4B3 /* UIButton+Extension.swift */ = {isa = PBXFileReference; lastKnownFileType = sourcecode.swift; path = "UIButton+Extension.swift"; sourceTree = "<group>"; };
		9FB0B4702015D7450022F4B3 /* RMBaseKit.podspec */ = {isa = PBXFileReference; fileEncoding = 4; lastKnownFileType = text; path = RMBaseKit.podspec; sourceTree = SOURCE_ROOT; xcLanguageSpecificationIdentifier = xcode.lang.ruby; };
		9FB0B4722015D9C70022F4B3 /* Date+Extension.swift */ = {isa = PBXFileReference; lastKnownFileType = sourcecode.swift; path = "Date+Extension.swift"; sourceTree = "<group>"; };
		9FB0B49120181DF90022F4B3 /* OverlayController.swift */ = {isa = PBXFileReference; fileEncoding = 4; lastKnownFileType = sourcecode.swift; path = OverlayController.swift; sourceTree = "<group>"; };
		9FB0B4932018219A0022F4B3 /* UIViewController+CustomPop.swift */ = {isa = PBXFileReference; lastKnownFileType = sourcecode.swift; path = "UIViewController+CustomPop.swift"; sourceTree = "<group>"; };
		9FB138562087242A002F55A4 /* UIBarButtonItemFixSpace.swift */ = {isa = PBXFileReference; fileEncoding = 4; lastKnownFileType = sourcecode.swift; path = UIBarButtonItemFixSpace.swift; sourceTree = "<group>"; };
		9FB1385820872434002F55A4 /* UIBarButtonItemExtension.swift */ = {isa = PBXFileReference; fileEncoding = 4; lastKnownFileType = sourcecode.swift; path = UIBarButtonItemExtension.swift; sourceTree = "<group>"; };
		CEF45B99964C5B333DFFDC22 /* Pods-RMBaseKit.debug.xcconfig */ = {isa = PBXFileReference; includeInIndex = 1; lastKnownFileType = text.xcconfig; name = "Pods-RMBaseKit.debug.xcconfig"; path = "Pods/Target Support Files/Pods-RMBaseKit/Pods-RMBaseKit.debug.xcconfig"; sourceTree = "<group>"; };
		F8F580F119D289D3CABD4C8A /* Pods-RMBaseKit.release.xcconfig */ = {isa = PBXFileReference; includeInIndex = 1; lastKnownFileType = text.xcconfig; name = "Pods-RMBaseKit.release.xcconfig"; path = "Pods/Target Support Files/Pods-RMBaseKit/Pods-RMBaseKit.release.xcconfig"; sourceTree = "<group>"; };
/* End PBXFileReference section */

/* Begin PBXFrameworksBuildPhase section */
		9F045EFA1FFDD1AB00CC0F6C /* Frameworks */ = {
			isa = PBXFrameworksBuildPhase;
			buildActionMask = 2147483647;
			files = (
				768705D8B130DDBBEEA8948D /* Pods_RMBaseKit.framework in Frameworks */,
			);
			runOnlyForDeploymentPostprocessing = 0;
		};
/* End PBXFrameworksBuildPhase section */

/* Begin PBXGroup section */
		0C2604926FA2739C47D7B367 /* Pods */ = {
			isa = PBXGroup;
			children = (
				CEF45B99964C5B333DFFDC22 /* Pods-RMBaseKit.debug.xcconfig */,
				F8F580F119D289D3CABD4C8A /* Pods-RMBaseKit.release.xcconfig */,
			);
			name = Pods;
			sourceTree = "<group>";
		};
		9F045EF41FFDD1AB00CC0F6C = {
			isa = PBXGroup;
			children = (
				9F045EFF1FFDD1AB00CC0F6C /* RMBaseKit */,
				9F045EFE1FFDD1AB00CC0F6C /* Products */,
				0C2604926FA2739C47D7B367 /* Pods */,
				A1E3D550BAEF19ED5E235A34 /* Frameworks */,
			);
			sourceTree = "<group>";
		};
		9F045EFE1FFDD1AB00CC0F6C /* Products */ = {
			isa = PBXGroup;
			children = (
				9F045EFD1FFDD1AB00CC0F6C /* RMBaseKit.app */,
			);
			name = Products;
			sourceTree = "<group>";
		};
		9F045EFF1FFDD1AB00CC0F6C /* RMBaseKit */ = {
			isa = PBXGroup;
			children = (
				9F045F121FFDD21000CC0F6C /* RMBaseKit */,
				9F045F001FFDD1AB00CC0F6C /* AppDelegate.swift */,
				9F045F021FFDD1AB00CC0F6C /* ViewController.swift */,
				9F045F041FFDD1AB00CC0F6C /* Main.storyboard */,
				9F045F071FFDD1AB00CC0F6C /* Assets.xcassets */,
				9F045F091FFDD1AB00CC0F6C /* LaunchScreen.storyboard */,
				9F045F0C1FFDD1AB00CC0F6C /* Info.plist */,
				9FB0B4702015D7450022F4B3 /* RMBaseKit.podspec */,
			);
			path = RMBaseKit;
			sourceTree = "<group>";
		};
		9F045F121FFDD21000CC0F6C /* RMBaseKit */ = {
			isa = PBXGroup;
			children = (
				9F045F251FFDD70F00CC0F6C /* Toast */,
				9F045F241FFDD70600CC0F6C /* Layout */,
				9F045F231FFDD6FE00CC0F6C /* Extension */,
				9F045F221FFDD6F400CC0F6C /* Base */,
			);
			path = RMBaseKit;
			sourceTree = "<group>";
		};
		9F045F221FFDD6F400CC0F6C /* Base */ = {
			isa = PBXGroup;
			children = (
				9F045F301FFDF99F00CC0F6C /* Base.swift */,
			);
			path = Base;
			sourceTree = "<group>";
		};
		9F045F231FFDD6FE00CC0F6C /* Extension */ = {
			isa = PBXGroup;
			children = (
				9FB1385820872434002F55A4 /* UIBarButtonItemExtension.swift */,
				9FB138562087242A002F55A4 /* UIBarButtonItemFixSpace.swift */,
				9FA152222021C09E005F4FA3 /* UIView+LifeCycle.swift */,
				9F2DCFF2200789E70092760B /* UIView+Extension.swift */,
				9F045F2C1FFDF76300CC0F6C /* UITextfield+Extension.swift */,
				9F045F2A1FFDF6C300CC0F6C /* String+Extension.swift */,
				9F045F161FFDD35B00CC0F6C /* DispatchQueue+Extension.swift */,
				9F045F141FFDD35B00CC0F6C /* NSObject+swizzle.swift */,
				9F045F151FFDD35B00CC0F6C /* UIColor+Extension.swift */,
				9F045F131FFDD35B00CC0F6C /* UIImage+Extension.swift */,
				9F045F321FFDFC3600CC0F6C /* UIDevice+Extension.swift */,
				9F2DD01B200B974F0092760B /* NSObject+Extension.swift */,
				9FB0B38620107BB60022F4B3 /* UIButton+Extension.swift */,
				9FB0B4722015D9C70022F4B3 /* Date+Extension.swift */,
				9F37436C206B7BE000A37698 /* UIApplication+Extension.swift */,
				9F32C8CF208E0B6600839438 /* NSString+Extension.swift */,
			);
			path = Extension;
			sourceTree = "<group>";
		};
		9F045F241FFDD70600CC0F6C /* Layout */ = {
			isa = PBXGroup;
			children = (
				9F045F271FFDD7CC00CC0F6C /* CALayer_layout.swift */,
				9F045F261FFDD7CC00CC0F6C /* UIView_layout.swift */,
			);
			path = Layout;
			sourceTree = "<group>";
		};
		9F045F251FFDD70F00CC0F6C /* Toast */ = {
			isa = PBXGroup;
			children = (
				9F045F341FFE0A7100CC0F6C /* UIViewController+alert.swift */,
				9F045F2E1FFDF79300CC0F6C /* UIViewController+HUD.swift */,
				9FB0B49120181DF90022F4B3 /* OverlayController.swift */,
				9FB0B4932018219A0022F4B3 /* UIViewController+CustomPop.swift */,
			);
			path = Toast;
			sourceTree = "<group>";
		};
		A1E3D550BAEF19ED5E235A34 /* Frameworks */ = {
			isa = PBXGroup;
			children = (
				50BCD34869B05656A9C73E28 /* Pods_RMBaseKit.framework */,
			);
			name = Frameworks;
			sourceTree = "<group>";
		};
/* End PBXGroup section */

/* Begin PBXNativeTarget section */
		9F045EFC1FFDD1AB00CC0F6C /* RMBaseKit */ = {
			isa = PBXNativeTarget;
			buildConfigurationList = 9F045F0F1FFDD1AB00CC0F6C /* Build configuration list for PBXNativeTarget "RMBaseKit" */;
			buildPhases = (
				FBF97F5754ADEDB61D3A36C1 /* [CP] Check Pods Manifest.lock */,
				9F045EF91FFDD1AB00CC0F6C /* Sources */,
				9F045EFA1FFDD1AB00CC0F6C /* Frameworks */,
				9F045EFB1FFDD1AB00CC0F6C /* Resources */,
				77A704A46EBAC93A56CC9B0B /* [CP] Embed Pods Frameworks */,
			);
			buildRules = (
			);
			dependencies = (
			);
			name = RMBaseKit;
			productName = RMBaseKit;
			productReference = 9F045EFD1FFDD1AB00CC0F6C /* RMBaseKit.app */;
			productType = "com.apple.product-type.application";
		};
/* End PBXNativeTarget section */

/* Begin PBXProject section */
		9F045EF51FFDD1AB00CC0F6C /* Project object */ = {
			isa = PBXProject;
			attributes = {
				LastSwiftUpdateCheck = 0910;
				LastUpgradeCheck = 0910;
				ORGANIZATIONNAME = "Tinghui Yuan";
				TargetAttributes = {
					9F045EFC1FFDD1AB00CC0F6C = {
						CreatedOnToolsVersion = 9.1;
						ProvisioningStyle = Automatic;
					};
				};
			};
			buildConfigurationList = 9F045EF81FFDD1AB00CC0F6C /* Build configuration list for PBXProject "RMBaseKit" */;
			compatibilityVersion = "Xcode 8.0";
			developmentRegion = en;
			hasScannedForEncodings = 0;
			knownRegions = (
				en,
				Base,
			);
			mainGroup = 9F045EF41FFDD1AB00CC0F6C;
			productRefGroup = 9F045EFE1FFDD1AB00CC0F6C /* Products */;
			projectDirPath = "";
			projectRoot = "";
			targets = (
				9F045EFC1FFDD1AB00CC0F6C /* RMBaseKit */,
			);
		};
/* End PBXProject section */

/* Begin PBXResourcesBuildPhase section */
		9F045EFB1FFDD1AB00CC0F6C /* Resources */ = {
			isa = PBXResourcesBuildPhase;
			buildActionMask = 2147483647;
			files = (
				9FB0B4712015D7450022F4B3 /* RMBaseKit.podspec in Resources */,
				9F045F0B1FFDD1AB00CC0F6C /* LaunchScreen.storyboard in Resources */,
				9F045F081FFDD1AB00CC0F6C /* Assets.xcassets in Resources */,
				9F045F061FFDD1AB00CC0F6C /* Main.storyboard in Resources */,
			);
			runOnlyForDeploymentPostprocessing = 0;
		};
/* End PBXResourcesBuildPhase section */

/* Begin PBXShellScriptBuildPhase section */
		77A704A46EBAC93A56CC9B0B /* [CP] Embed Pods Frameworks */ = {
			isa = PBXShellScriptBuildPhase;
			buildActionMask = 2147483647;
			files = (
			);
			inputPaths = (
				"${PODS_ROOT}/Target Support Files/Pods-RMBaseKit/Pods-RMBaseKit-frameworks.sh",
				"${BUILT_PRODUCTS_DIR}/MBProgressHUD/MBProgressHUD.framework",
			);
			name = "[CP] Embed Pods Frameworks";
			outputPaths = (
				"${TARGET_BUILD_DIR}/${FRAMEWORKS_FOLDER_PATH}/MBProgressHUD.framework",
			);
			runOnlyForDeploymentPostprocessing = 0;
			shellPath = /bin/sh;
			shellScript = "\"${PODS_ROOT}/Target Support Files/Pods-RMBaseKit/Pods-RMBaseKit-frameworks.sh\"\n";
			showEnvVarsInLog = 0;
		};
		FBF97F5754ADEDB61D3A36C1 /* [CP] Check Pods Manifest.lock */ = {
			isa = PBXShellScriptBuildPhase;
			buildActionMask = 2147483647;
			files = (
			);
			inputPaths = (
				"${PODS_PODFILE_DIR_PATH}/Podfile.lock",
				"${PODS_ROOT}/Manifest.lock",
			);
			name = "[CP] Check Pods Manifest.lock";
			outputPaths = (
				"$(DERIVED_FILE_DIR)/Pods-RMBaseKit-checkManifestLockResult.txt",
			);
			runOnlyForDeploymentPostprocessing = 0;
			shellPath = /bin/sh;
			shellScript = "diff \"${PODS_PODFILE_DIR_PATH}/Podfile.lock\" \"${PODS_ROOT}/Manifest.lock\" > /dev/null\nif [ $? != 0 ] ; then\n    # print error to STDERR\n    echo \"error: The sandbox is not in sync with the Podfile.lock. Run 'pod install' or update your CocoaPods installation.\" >&2\n    exit 1\nfi\n# This output is used by Xcode 'outputs' to avoid re-running this script phase.\necho \"SUCCESS\" > \"${SCRIPT_OUTPUT_FILE_0}\"\n";
			showEnvVarsInLog = 0;
		};
/* End PBXShellScriptBuildPhase section */

/* Begin PBXSourcesBuildPhase section */
		9F045EF91FFDD1AB00CC0F6C /* Sources */ = {
			isa = PBXSourcesBuildPhase;
			buildActionMask = 2147483647;
			files = (
				9F045F331FFDFC3600CC0F6C /* UIDevice+Extension.swift in Sources */,
				9F045F311FFDF99F00CC0F6C /* Base.swift in Sources */,
				9F045F181FFDD35B00CC0F6C /* NSObject+swizzle.swift in Sources */,
				9FB0B38720107BB60022F4B3 /* UIButton+Extension.swift in Sources */,
				9FB0B49220181DF90022F4B3 /* OverlayController.swift in Sources */,
				9FA152232021C09E005F4FA3 /* UIView+LifeCycle.swift in Sources */,
				9F2DD01C200B974F0092760B /* NSObject+Extension.swift in Sources */,
				9F2DCFF3200789E70092760B /* UIView+Extension.swift in Sources */,
				9F37436D206B7BE000A37698 /* UIApplication+Extension.swift in Sources */,
				9F045F351FFE0A7100CC0F6C /* UIViewController+alert.swift in Sources */,
				9F045F2B1FFDF6C300CC0F6C /* String+Extension.swift in Sources */,
				9F32C8D0208E0B6600839438 /* NSString+Extension.swift in Sources */,
				9F045F1A1FFDD35B00CC0F6C /* DispatchQueue+Extension.swift in Sources */,
				9FB0B4942018219A0022F4B3 /* UIViewController+CustomPop.swift in Sources */,
				9F045F281FFDD7CC00CC0F6C /* UIView_layout.swift in Sources */,
				9F045F171FFDD35B00CC0F6C /* UIImage+Extension.swift in Sources */,
				9F045F031FFDD1AB00CC0F6C /* ViewController.swift in Sources */,
				9FB0B4732015D9C70022F4B3 /* Date+Extension.swift in Sources */,
				9F045F291FFDD7CC00CC0F6C /* CALayer_layout.swift in Sources */,
				9FB138572087242A002F55A4 /* UIBarButtonItemFixSpace.swift in Sources */,
				9F045F2F1FFDF79300CC0F6C /* UIViewController+HUD.swift in Sources */,
				9FB1385920872434002F55A4 /* UIBarButtonItemExtension.swift in Sources */,
				9F045F2D1FFDF76300CC0F6C /* UITextfield+Extension.swift in Sources */,
				9F045F011FFDD1AB00CC0F6C /* AppDelegate.swift in Sources */,
				9F045F191FFDD35B00CC0F6C /* UIColor+Extension.swift in Sources */,
			);
			runOnlyForDeploymentPostprocessing = 0;
		};
/* End PBXSourcesBuildPhase section */

/* Begin PBXVariantGroup section */
		9F045F041FFDD1AB00CC0F6C /* Main.storyboard */ = {
			isa = PBXVariantGroup;
			children = (
				9F045F051FFDD1AB00CC0F6C /* Base */,
			);
			name = Main.storyboard;
			sourceTree = "<group>";
		};
		9F045F091FFDD1AB00CC0F6C /* LaunchScreen.storyboard */ = {
			isa = PBXVariantGroup;
			children = (
				9F045F0A1FFDD1AB00CC0F6C /* Base */,
			);
			name = LaunchScreen.storyboard;
			sourceTree = "<group>";
		};
/* End PBXVariantGroup section */

/* Begin XCBuildConfiguration section */
		9F045F0D1FFDD1AB00CC0F6C /* Debug */ = {
			isa = XCBuildConfiguration;
			buildSettings = {
				ALWAYS_SEARCH_USER_PATHS = NO;
				CLANG_ANALYZER_NONNULL = YES;
				CLANG_ANALYZER_NUMBER_OBJECT_CONVERSION = YES_AGGRESSIVE;
				CLANG_CXX_LANGUAGE_STANDARD = "gnu++14";
				CLANG_CXX_LIBRARY = "libc++";
				CLANG_ENABLE_MODULES = YES;
				CLANG_ENABLE_OBJC_ARC = YES;
				CLANG_WARN_BLOCK_CAPTURE_AUTORELEASING = YES;
				CLANG_WARN_BOOL_CONVERSION = YES;
				CLANG_WARN_COMMA = YES;
				CLANG_WARN_CONSTANT_CONVERSION = YES;
				CLANG_WARN_DIRECT_OBJC_ISA_USAGE = YES_ERROR;
				CLANG_WARN_DOCUMENTATION_COMMENTS = YES;
				CLANG_WARN_EMPTY_BODY = YES;
				CLANG_WARN_ENUM_CONVERSION = YES;
				CLANG_WARN_INFINITE_RECURSION = YES;
				CLANG_WARN_INT_CONVERSION = YES;
				CLANG_WARN_NON_LITERAL_NULL_CONVERSION = YES;
				CLANG_WARN_OBJC_LITERAL_CONVERSION = YES;
				CLANG_WARN_OBJC_ROOT_CLASS = YES_ERROR;
				CLANG_WARN_RANGE_LOOP_ANALYSIS = YES;
				CLANG_WARN_STRICT_PROTOTYPES = YES;
				CLANG_WARN_SUSPICIOUS_MOVE = YES;
				CLANG_WARN_UNGUARDED_AVAILABILITY = YES_AGGRESSIVE;
				CLANG_WARN_UNREACHABLE_CODE = YES;
				CLANG_WARN__DUPLICATE_METHOD_MATCH = YES;
				CODE_SIGN_IDENTITY = "iPhone Developer";
				COPY_PHASE_STRIP = NO;
				DEBUG_INFORMATION_FORMAT = dwarf;
				ENABLE_STRICT_OBJC_MSGSEND = YES;
				ENABLE_TESTABILITY = YES;
				GCC_C_LANGUAGE_STANDARD = gnu11;
				GCC_DYNAMIC_NO_PIC = NO;
				GCC_NO_COMMON_BLOCKS = YES;
				GCC_OPTIMIZATION_LEVEL = 0;
				GCC_PREPROCESSOR_DEFINITIONS = (
					"DEBUG=1",
					"$(inherited)",
				);
				GCC_WARN_64_TO_32_BIT_CONVERSION = YES;
				GCC_WARN_ABOUT_RETURN_TYPE = YES_ERROR;
				GCC_WARN_UNDECLARED_SELECTOR = YES;
				GCC_WARN_UNINITIALIZED_AUTOS = YES_AGGRESSIVE;
				GCC_WARN_UNUSED_FUNCTION = YES;
				GCC_WARN_UNUSED_VARIABLE = YES;
				IPHONEOS_DEPLOYMENT_TARGET = 8.0;
				MTL_ENABLE_DEBUG_INFO = YES;
				ONLY_ACTIVE_ARCH = YES;
				SDKROOT = iphoneos;
				SWIFT_ACTIVE_COMPILATION_CONDITIONS = DEBUG;
				SWIFT_OPTIMIZATION_LEVEL = "-Onone";
			};
			name = Debug;
		};
		9F045F0E1FFDD1AB00CC0F6C /* Release */ = {
			isa = XCBuildConfiguration;
			buildSettings = {
				ALWAYS_SEARCH_USER_PATHS = NO;
				CLANG_ANALYZER_NONNULL = YES;
				CLANG_ANALYZER_NUMBER_OBJECT_CONVERSION = YES_AGGRESSIVE;
				CLANG_CXX_LANGUAGE_STANDARD = "gnu++14";
				CLANG_CXX_LIBRARY = "libc++";
				CLANG_ENABLE_MODULES = YES;
				CLANG_ENABLE_OBJC_ARC = YES;
				CLANG_WARN_BLOCK_CAPTURE_AUTORELEASING = YES;
				CLANG_WARN_BOOL_CONVERSION = YES;
				CLANG_WARN_COMMA = YES;
				CLANG_WARN_CONSTANT_CONVERSION = YES;
				CLANG_WARN_DIRECT_OBJC_ISA_USAGE = YES_ERROR;
				CLANG_WARN_DOCUMENTATION_COMMENTS = YES;
				CLANG_WARN_EMPTY_BODY = YES;
				CLANG_WARN_ENUM_CONVERSION = YES;
				CLANG_WARN_INFINITE_RECURSION = YES;
				CLANG_WARN_INT_CONVERSION = YES;
				CLANG_WARN_NON_LITERAL_NULL_CONVERSION = YES;
				CLANG_WARN_OBJC_LITERAL_CONVERSION = YES;
				CLANG_WARN_OBJC_ROOT_CLASS = YES_ERROR;
				CLANG_WARN_RANGE_LOOP_ANALYSIS = YES;
				CLANG_WARN_STRICT_PROTOTYPES = YES;
				CLANG_WARN_SUSPICIOUS_MOVE = YES;
				CLANG_WARN_UNGUARDED_AVAILABILITY = YES_AGGRESSIVE;
				CLANG_WARN_UNREACHABLE_CODE = YES;
				CLANG_WARN__DUPLICATE_METHOD_MATCH = YES;
				CODE_SIGN_IDENTITY = "iPhone Developer";
				COPY_PHASE_STRIP = NO;
				DEBUG_INFORMATION_FORMAT = "dwarf-with-dsym";
				ENABLE_NS_ASSERTIONS = NO;
				ENABLE_STRICT_OBJC_MSGSEND = YES;
				GCC_C_LANGUAGE_STANDARD = gnu11;
				GCC_NO_COMMON_BLOCKS = YES;
				GCC_WARN_64_TO_32_BIT_CONVERSION = YES;
				GCC_WARN_ABOUT_RETURN_TYPE = YES_ERROR;
				GCC_WARN_UNDECLARED_SELECTOR = YES;
				GCC_WARN_UNINITIALIZED_AUTOS = YES_AGGRESSIVE;
				GCC_WARN_UNUSED_FUNCTION = YES;
				GCC_WARN_UNUSED_VARIABLE = YES;
				IPHONEOS_DEPLOYMENT_TARGET = 8.0;
				MTL_ENABLE_DEBUG_INFO = NO;
				SDKROOT = iphoneos;
				SWIFT_OPTIMIZATION_LEVEL = "-Owholemodule";
				VALIDATE_PRODUCT = YES;
			};
			name = Release;
		};
		9F045F101FFDD1AB00CC0F6C /* Debug */ = {
			isa = XCBuildConfiguration;
			baseConfigurationReference = CEF45B99964C5B333DFFDC22 /* Pods-RMBaseKit.debug.xcconfig */;
			buildSettings = {
				ASSETCATALOG_COMPILER_APPICON_NAME = AppIcon;
				CODE_SIGN_STYLE = Automatic;
				DEVELOPMENT_TEAM = 4X34M6R8ZA;
				INFOPLIST_FILE = RMBaseKit/Info.plist;
				LD_RUNPATH_SEARCH_PATHS = "$(inherited) @executable_path/Frameworks";
				MARKETING_VERSION = 1.0;
				PRODUCT_BUNDLE_IDENTIFIER = com.skel.RMBaseKit;
				PRODUCT_NAME = "$(TARGET_NAME)";
				SWIFT_VERSION = 4.2;
				TARGETED_DEVICE_FAMILY = "1,2";
			};
			name = Debug;
		};
		9F045F111FFDD1AB00CC0F6C /* Release */ = {
			isa = XCBuildConfiguration;
			baseConfigurationReference = F8F580F119D289D3CABD4C8A /* Pods-RMBaseKit.release.xcconfig */;
			buildSettings = {
				ASSETCATALOG_COMPILER_APPICON_NAME = AppIcon;
				CODE_SIGN_STYLE = Automatic;
				DEVELOPMENT_TEAM = 4X34M6R8ZA;
				INFOPLIST_FILE = RMBaseKit/Info.plist;
				LD_RUNPATH_SEARCH_PATHS = "$(inherited) @executable_path/Frameworks";
				MARKETING_VERSION = 1.0;
				PRODUCT_BUNDLE_IDENTIFIER = com.skel.RMBaseKit;
				PRODUCT_NAME = "$(TARGET_NAME)";
				SWIFT_VERSION = 4.2;
				TARGETED_DEVICE_FAMILY = "1,2";
			};
			name = Release;
		};
/* End XCBuildConfiguration section */

/* Begin XCConfigurationList section */
		9F045EF81FFDD1AB00CC0F6C /* Build configuration list for PBXProject "RMBaseKit" */ = {
			isa = XCConfigurationList;
			buildConfigurations = (
				9F045F0D1FFDD1AB00CC0F6C /* Debug */,
				9F045F0E1FFDD1AB00CC0F6C /* Release */,
			);
			defaultConfigurationIsVisible = 0;
			defaultConfigurationName = Release;
		};
		9F045F0F1FFDD1AB00CC0F6C /* Build configuration list for PBXNativeTarget "RMBaseKit" */ = {
			isa = XCConfigurationList;
			buildConfigurations = (
				9F045F101FFDD1AB00CC0F6C /* Debug */,
				9F045F111FFDD1AB00CC0F6C /* Release */,
			);
			defaultConfigurationIsVisible = 0;
			defaultConfigurationName = Release;
		};
/* End XCConfigurationList section */
	};
	rootObject = 9F045EF51FFDD1AB00CC0F6C /* Project object */;
}
